
Microsoft Visual Studio Solution File, Format Version 12.00
# Visual Studio 15
VisualStudioVersion = 15.0.27428.2037
MinimumVisualStudioVersion = 10.0.40219.1
Project("{FAE04EC0-301F-11D3-BF4B-00C04F79EFBC}") = "Google.Protobuf", "Google.Protobuf.csproj", "{76EBB14C-B6AD-4C0D-BBB5-A1D6C2686827}"
EndProject
Global
	GlobalSection(SolutionConfigurationPlatforms) = preSolution
		Debug|Any CPU = Debug|Any CPU
		Release|Any CPU = Release|Any CPU
	EndGlobalSection
	GlobalSection(ProjectConfigurationPlatforms) = postSolution
		{76EBB14C-B6AD-4C0D-BBB5-A1D6C2686827}.Debug|Any CPU.ActiveCfg = Debug|Any CPU
		{76EBB14C-B6AD-4C0D-BBB5-A1D6C2686827}.Debug|Any CPU.Build.0 = Debug|Any CPU
		{76EBB14C-B6AD-4C0D-BBB5-A1D6C2686827}.Release|Any CPU.ActiveCfg = Release|Any CPU
		{76EBB14C-B6AD-4C0D-BBB5-A1D6C2686827}.Release|Any CPU.Build.0 = Release|Any CPU
	EndGlobalSection
	GlobalSection(SolutionProperties) = preSolution
		HideSolutionNode = FALSE
	EndGlobalSection
	GlobalSection(ExtensibilityGlobals) = postSolution
		SolutionGuid = {1CA01786-823F-44C9-865D-315723F99B3C}
	EndGlobalSection
EndGlobal
