
Microsoft Visual Studio Solution File, Format Version 12.00
# Visual Studio Version 17
VisualStudioVersion = 17.6.33815.320
MinimumVisualStudioVersion = 10.0.40219.1
Project("{FAE04EC0-301F-11D3-BF4B-00C04F79EFBC}") = "SunDonet", "SunDonet\SunDonet.csproj", "{375DD008-1A7A-4629-87CC-A6A5826F041A}"
EndProject
Project("{2150E333-8FDC-42A3-9474-1A3956D46DE8}") = "ThirdPart", "ThirdPart", "{0185C254-D542-450C-AF55-CA52E1C8FD0D}"
EndProject
Project("{FAE04EC0-301F-11D3-BF4B-00C04F79EFBC}") = "Google.Protobuf", "ThirdPart\Google.Protobuf\Google.Protobuf.csproj", "{76EBB14C-B6AD-4C0D-BBB5-A1D6C2686827}"
EndProject
Project("{2150E333-8FDC-42A3-9474-1A3956D46DE8}") = "Tools", "Tools", "{493DCCE7-16D8-49D0-94A9-402E52B2ADAC}"
EndProject
Project("{FAE04EC0-301F-11D3-BF4B-00C04F79EFBC}") = "Protogen", "Tools\Protogen\Protogen.csproj", "{A6DECE7F-547E-406B-8A75-48A2E696955E}"
EndProject
Project("{2150E333-8FDC-42A3-9474-1A3956D46DE8}") = "Test", "Test", "{7F5A6FA6-6048-4200-8EEF-0963758C8A17}"
EndProject
Project("{2150E333-8FDC-42A3-9474-1A3956D46DE8}") = "Samples", "Samples", "{D83245EF-E61E-49C9-B576-B4283083BB7F}"
EndProject
Project("{FAE04EC0-301F-11D3-BF4B-00C04F79EFBC}") = "TestMongoDB", "Test\TestMongoDB\TestMongoDB.csproj", "{8D782827-7F50-4FB3-B676-19ED11D47DD4}"
EndProject
Project("{FAE04EC0-301F-11D3-BF4B-00C04F79EFBC}") = "SimpleGameServer", "Samples\SimpleGameServer\SimpleGameServer.csproj", "{771DF99D-9F44-4CDE-8AA8-03CF87EF43F9}"
EndProject
Project("{FAE04EC0-301F-11D3-BF4B-00C04F79EFBC}") = "TestClient", "Samples\TestClient\TestClient.csproj", "{7C8BA1F8-D49C-427E-ADD6-2A31BD34E8DF}"
EndProject
Project("{FAE04EC0-301F-11D3-BF4B-00C04F79EFBC}") = "Kcp", "ThirdPart\Kcp\Kcp.csproj", "{59B2CFCB-8ED6-4873-9FE0-91772BBA500B}"
EndProject
Project("{FAE04EC0-301F-11D3-BF4B-00C04F79EFBC}") = "KcpTest", "Test\KcpTest\KcpTest.csproj", "{07649617-907E-483C-9ECF-7CD85BBC855E}"
EndProject
Global
	GlobalSection(SolutionConfigurationPlatforms) = preSolution
		Debug|Any CPU = Debug|Any CPU
		Release|Any CPU = Release|Any CPU
	EndGlobalSection
	GlobalSection(ProjectConfigurationPlatforms) = postSolution
		{375DD008-1A7A-4629-87CC-A6A5826F041A}.Debug|Any CPU.ActiveCfg = Debug|Any CPU
		{375DD008-1A7A-4629-87CC-A6A5826F041A}.Debug|Any CPU.Build.0 = Debug|Any CPU
		{375DD008-1A7A-4629-87CC-A6A5826F041A}.Release|Any CPU.ActiveCfg = Release|Any CPU
		{375DD008-1A7A-4629-87CC-A6A5826F041A}.Release|Any CPU.Build.0 = Release|Any CPU
		{76EBB14C-B6AD-4C0D-BBB5-A1D6C2686827}.Debug|Any CPU.ActiveCfg = Debug|Any CPU
		{76EBB14C-B6AD-4C0D-BBB5-A1D6C2686827}.Debug|Any CPU.Build.0 = Debug|Any CPU
		{76EBB14C-B6AD-4C0D-BBB5-A1D6C2686827}.Release|Any CPU.ActiveCfg = Release|Any CPU
		{76EBB14C-B6AD-4C0D-BBB5-A1D6C2686827}.Release|Any CPU.Build.0 = Release|Any CPU
		{A6DECE7F-547E-406B-8A75-48A2E696955E}.Debug|Any CPU.ActiveCfg = Debug|Any CPU
		{A6DECE7F-547E-406B-8A75-48A2E696955E}.Debug|Any CPU.Build.0 = Debug|Any CPU
		{A6DECE7F-547E-406B-8A75-48A2E696955E}.Release|Any CPU.ActiveCfg = Release|Any CPU
		{A6DECE7F-547E-406B-8A75-48A2E696955E}.Release|Any CPU.Build.0 = Release|Any CPU
		{8D782827-7F50-4FB3-B676-19ED11D47DD4}.Debug|Any CPU.ActiveCfg = Debug|Any CPU
		{8D782827-7F50-4FB3-B676-19ED11D47DD4}.Debug|Any CPU.Build.0 = Debug|Any CPU
		{8D782827-7F50-4FB3-B676-19ED11D47DD4}.Release|Any CPU.ActiveCfg = Release|Any CPU
		{8D782827-7F50-4FB3-B676-19ED11D47DD4}.Release|Any CPU.Build.0 = Release|Any CPU
		{771DF99D-9F44-4CDE-8AA8-03CF87EF43F9}.Debug|Any CPU.ActiveCfg = Debug|Any CPU
		{771DF99D-9F44-4CDE-8AA8-03CF87EF43F9}.Debug|Any CPU.Build.0 = Debug|Any CPU
		{771DF99D-9F44-4CDE-8AA8-03CF87EF43F9}.Release|Any CPU.ActiveCfg = Release|Any CPU
		{771DF99D-9F44-4CDE-8AA8-03CF87EF43F9}.Release|Any CPU.Build.0 = Release|Any CPU
		{7C8BA1F8-D49C-427E-ADD6-2A31BD34E8DF}.Debug|Any CPU.ActiveCfg = Debug|Any CPU
		{7C8BA1F8-D49C-427E-ADD6-2A31BD34E8DF}.Debug|Any CPU.Build.0 = Debug|Any CPU
		{7C8BA1F8-D49C-427E-ADD6-2A31BD34E8DF}.Release|Any CPU.ActiveCfg = Release|Any CPU
		{7C8BA1F8-D49C-427E-ADD6-2A31BD34E8DF}.Release|Any CPU.Build.0 = Release|Any CPU
		{59B2CFCB-8ED6-4873-9FE0-91772BBA500B}.Debug|Any CPU.ActiveCfg = Debug|Any CPU
		{59B2CFCB-8ED6-4873-9FE0-91772BBA500B}.Debug|Any CPU.Build.0 = Debug|Any CPU
		{59B2CFCB-8ED6-4873-9FE0-91772BBA500B}.Release|Any CPU.ActiveCfg = Release|Any CPU
		{59B2CFCB-8ED6-4873-9FE0-91772BBA500B}.Release|Any CPU.Build.0 = Release|Any CPU
		{07649617-907E-483C-9ECF-7CD85BBC855E}.Debug|Any CPU.ActiveCfg = Debug|Any CPU
		{07649617-907E-483C-9ECF-7CD85BBC855E}.Debug|Any CPU.Build.0 = Debug|Any CPU
		{07649617-907E-483C-9ECF-7CD85BBC855E}.Release|Any CPU.ActiveCfg = Release|Any CPU
		{07649617-907E-483C-9ECF-7CD85BBC855E}.Release|Any CPU.Build.0 = Release|Any CPU
	EndGlobalSection
	GlobalSection(SolutionProperties) = preSolution
		HideSolutionNode = FALSE
	EndGlobalSection
	GlobalSection(NestedProjects) = preSolution
		{76EBB14C-B6AD-4C0D-BBB5-A1D6C2686827} = {0185C254-D542-450C-AF55-CA52E1C8FD0D}
		{A6DECE7F-547E-406B-8A75-48A2E696955E} = {493DCCE7-16D8-49D0-94A9-402E52B2ADAC}
		{8D782827-7F50-4FB3-B676-19ED11D47DD4} = {7F5A6FA6-6048-4200-8EEF-0963758C8A17}
		{771DF99D-9F44-4CDE-8AA8-03CF87EF43F9} = {D83245EF-E61E-49C9-B576-B4283083BB7F}
		{7C8BA1F8-D49C-427E-ADD6-2A31BD34E8DF} = {D83245EF-E61E-49C9-B576-B4283083BB7F}
		{59B2CFCB-8ED6-4873-9FE0-91772BBA500B} = {0185C254-D542-450C-AF55-CA52E1C8FD0D}
		{07649617-907E-483C-9ECF-7CD85BBC855E} = {7F5A6FA6-6048-4200-8EEF-0963758C8A17}
	EndGlobalSection
	GlobalSection(ExtensibilityGlobals) = postSolution
		SolutionGuid = {033AEED8-86F8-4E63-83A5-9DF315ADCF54}
	EndGlobalSection
EndGlobal
